
Microsoft Visual Studio Solution File, Format Version 12.00
# Visual Studio 15
VisualStudioVersion = 15.0.28307.438
MinimumVisualStudioVersion = 10.0.40219.1
Project("{8BC9CEB8-8B4A-11D0-8D11-00A0C91BC942}") = "3D Cube", "3D Cube\3D Cube.vcxproj", "{335A0660-EB12-48E1-A461-EFEC720EDC39}"
EndProject
Global
	GlobalSection(SolutionConfigurationPlatforms) = preSolution
		Debug|x64 = Debug|x64
		Debug|x86 = Debug|x86
		Release|x64 = Release|x64
		Release|x86 = Release|x86
	EndGlobalSection
	GlobalSection(ProjectConfigurationPlatforms) = postSolution
		{335A0660-EB12-48E1-A461-EFEC720EDC39}.Debug|x64.ActiveCfg = Debug|x64
		{335A0660-EB12-48E1-A461-EFEC720EDC39}.Debug|x64.Build.0 = Debug|x64
		{335A0660-EB12-48E1-A461-EFEC720EDC39}.Debug|x86.ActiveCfg = Debug|Win32
		{335A0660-EB12-48E1-A461-EFEC720EDC39}.Debug|x86.Build.0 = Debug|Win32
		{335A0660-EB12-48E1-A461-EFEC720EDC39}.Release|x64.ActiveCfg = Release|x64
		{335A0660-EB12-48E1-A461-EFEC720EDC39}.Release|x64.Build.0 = Release|x64
		{335A0660-EB12-48E1-A461-EFEC720EDC39}.Release|x86.ActiveCfg = Release|Win32
		{335A0660-EB12-48E1-A461-EFEC720EDC39}.Release|x86.Build.0 = Release|Win32
	EndGlobalSection
	GlobalSection(SolutionProperties) = preSolution
		HideSolutionNode = FALSE
	EndGlobalSection
	GlobalSection(ExtensibilityGlobals) = postSolution
		SolutionGuid = {EDBB0940-B6CF-4D10-A177-17B1C9944707}
	EndGlobalSection
EndGlobal
